
Microsoft Visual Studio Solution File, Format Version 12.00
# Visual Studio Version 17
VisualStudioVersion = 17.8.34330.188
MinimumVisualStudioVersion = 10.0.40219.1
Project("{FAE04EC0-301F-11D3-BF4B-00C04F79EFBC}") = "Whiteboard", "Whiteboard\Whiteboard.csproj", "{ED1BAB56-5712-4813-ACAE-0DDF36090517}"
EndProject
Global
	GlobalSection(SolutionConfigurationPlatforms) = preSolution
		Debug|Any CPU = Debug|Any CPU
		Release|Any CPU = Release|Any CPU
	EndGlobalSection
	GlobalSection(ProjectConfigurationPlatforms) = postSolution
		{ED1BAB56-5712-4813-ACAE-0DDF36090517}.Debug|Any CPU.ActiveCfg = Debug|Any CPU
		{ED1BAB56-5712-4813-ACAE-0DDF36090517}.Debug|Any CPU.Build.0 = Debug|Any CPU
		{ED1BAB56-5712-4813-ACAE-0DDF36090517}.Release|Any CPU.ActiveCfg = Release|Any CPU
		{ED1BAB56-5712-4813-ACAE-0DDF36090517}.Release|Any CPU.Build.0 = Release|Any CPU
	EndGlobalSection
	GlobalSection(SolutionProperties) = preSolution
		HideSolutionNode = FALSE
	EndGlobalSection
	GlobalSection(ExtensibilityGlobals) = postSolution
		SolutionGuid = {6BB75BE8-8D8B-4D07-A784-86BFF71F634A}
	EndGlobalSection
EndGlobal
